{
  "name": "oogebra-core",
  "version": "0.3.0",
  "lockfileVersion": 1,
  "requires": true,
  "dependencies": {
    "commander": {
      "version": "2.20.3",
      "resolved": "https://registry.npmjs.org/commander/-/commander-2.20.3.tgz",
      "integrity": "sha512-GpVkmM8vF2vQUkj2LvZmD35JxeJOLCwJ9cUkugyk2nuhbv3+mJvpLYYt+0+USMxE+oj+ey/lJEnhZw75x/OMcQ==",
      "dev": true
    },
    "typescript": {
      "version": "3.9.2",
      "resolved": "https://registry.npmjs.org/typescript/-/typescript-3.9.2.tgz",
      "integrity": "sha512-q2ktq4n/uLuNNShyayit+DTobV2ApPEo/6so68JaD5ojvc/6GClBipedB9zNWYxRSAlZXAe405Rlijzl6qDiSw==",
      "dev": true
    },
    "uglify-js": {
      "version": "3.9.3",
      "resolved": "https://registry.npmjs.org/uglify-js/-/uglify-js-3.9.3.tgz",
      "integrity": "sha512-r5ImcL6QyzQGVimQoov3aL2ZScywrOgBXGndbWrdehKoSvGe/RmiE5Jpw/v+GvxODt6l2tpBXwA7n+qZVlHBMA==",
      "dev": true,
      "requires": {
        "commander": "~2.20.3"
      }
    }
  }
}
